
Microsoft Visual Studio Solution File, Format Version 12.00
# Visual Studio Version 17
VisualStudioVersion = 17.7.34024.191
MinimumVisualStudioVersion = 10.0.40219.1
Project("{9A19103F-16F7-4668-BE54-9A1E7A4F7556}") = "SingleTonDP", "SingleTonDP\SingleTonDP.csproj", "{119BC853-2D5A-422E-8B2F-959906C8B9A1}"
EndProject
Project("{9A19103F-16F7-4668-BE54-9A1E7A4F7556}") = "SimpleFactoryDP", "SimpleFactoryDP\SimpleFactoryDP.csproj", "{AEC0F6F3-A6F8-4AE7-8109-06509C9C47DA}"
EndProject
Project("{FAE04EC0-301F-11D3-BF4B-00C04F79EFBC}") = "FactoryMethodDP", "FactoryMethodDP\FactoryMethodDP.csproj", "{CEB11A63-7559-4C7E-BCA1-B8F03D50B196}"
EndProject
Global
	GlobalSection(SolutionConfigurationPlatforms) = preSolution
		Debug|Any CPU = Debug|Any CPU
		Release|Any CPU = Release|Any CPU
	EndGlobalSection
	GlobalSection(ProjectConfigurationPlatforms) = postSolution
		{119BC853-2D5A-422E-8B2F-959906C8B9A1}.Debug|Any CPU.ActiveCfg = Debug|Any CPU
		{119BC853-2D5A-422E-8B2F-959906C8B9A1}.Debug|Any CPU.Build.0 = Debug|Any CPU
		{119BC853-2D5A-422E-8B2F-959906C8B9A1}.Release|Any CPU.ActiveCfg = Release|Any CPU
		{119BC853-2D5A-422E-8B2F-959906C8B9A1}.Release|Any CPU.Build.0 = Release|Any CPU
		{AEC0F6F3-A6F8-4AE7-8109-06509C9C47DA}.Debug|Any CPU.ActiveCfg = Debug|Any CPU
		{AEC0F6F3-A6F8-4AE7-8109-06509C9C47DA}.Debug|Any CPU.Build.0 = Debug|Any CPU
		{AEC0F6F3-A6F8-4AE7-8109-06509C9C47DA}.Release|Any CPU.ActiveCfg = Release|Any CPU
		{AEC0F6F3-A6F8-4AE7-8109-06509C9C47DA}.Release|Any CPU.Build.0 = Release|Any CPU
		{CEB11A63-7559-4C7E-BCA1-B8F03D50B196}.Debug|Any CPU.ActiveCfg = Debug|Any CPU
		{CEB11A63-7559-4C7E-BCA1-B8F03D50B196}.Debug|Any CPU.Build.0 = Debug|Any CPU
		{CEB11A63-7559-4C7E-BCA1-B8F03D50B196}.Release|Any CPU.ActiveCfg = Release|Any CPU
		{CEB11A63-7559-4C7E-BCA1-B8F03D50B196}.Release|Any CPU.Build.0 = Release|Any CPU
	EndGlobalSection
	GlobalSection(SolutionProperties) = preSolution
		HideSolutionNode = FALSE
	EndGlobalSection
	GlobalSection(ExtensibilityGlobals) = postSolution
		SolutionGuid = {A28A10AB-0F43-4045-950A-FC5717044FDE}
	EndGlobalSection
EndGlobal
